schema: '2.0'
stages:
  get_data:
    cmd: python scripts/data.py
    deps:
    - path: scripts/data.py
      hash: md5
      md5: 0cb91ccf334d3a8c724bcfb33d59cc59
      size: 1495
    params:
      params.yaml:
        index_col: customer_id
    outs:
    - path: data/initial_data.csv
      hash: md5
      md5: f4083bf6f6a83ea96dd5f5e5ada66df9
      size: 822095
      cloud:
        my_storage:
          etag: f4083bf6f6a83ea96dd5f5e5ada66df9
          version_id: 00064DA2D46014F1
  fit_model:
    cmd: python scripts/fit.py
    deps:
    - path: data/initial_data.csv
      hash: md5
      md5: f4083bf6f6a83ea96dd5f5e5ada66df9
      size: 822095
    - path: scripts/fit.py
      hash: md5
      md5: 2fea18a5c95e29a18fe759b1f5965048
      size: 2333
    params:
      params.yaml:
        auto_class_weights: Balanced
        c: 1
        index_col: customer_id
        one_hot_drop: if_binary
        penalty: l2
        target_col: target
    outs:
    - path: models/fitted_model.pkl
      hash: md5
      md5: f489a2d0d17a5020f585c5ac6c056be6
      size: 8782
  evaluate_model:
    cmd: python scripts/evaluate.py
    deps:
    - path: models/fitted_model.pkl
      hash: md5
      md5: f489a2d0d17a5020f585c5ac6c056be6
      size: 8782
    - path: scripts/evaluate.py
      hash: md5
      md5: c86b856fdbb4f39ef1eadddcf6de314b
      size: 1429
    params:
      params.yaml:
        index_col: customer_id
        metrics:
        - f1
        - roc_auc
        n_jobs: -1
        n_splits: 5
        target_col: target
    outs:
    - path: cv_results/cv_res.json
      hash: md5
      md5: 28fe5b211c077ce9d468f8153e428df6
      size: 80
