schema: '2.0'
stages:
  get_data:
    cmd: python scripts/data.py
    deps:
    - path: scripts/data.py
      hash: md5
      md5: 0cb91ccf334d3a8c724bcfb33d59cc59
      size: 1495
    params:
      params.yaml:
        index_col: customer_id
    outs:
    - path: data/initial_data.csv
      hash: md5
      md5: f4083bf6f6a83ea96dd5f5e5ada66df9
      size: 822095
      cloud:
        my_storage:
          etag: f4083bf6f6a83ea96dd5f5e5ada66df9
          version_id: 00064DA2D46014F1
  fit_model:
    cmd: python scripts/fit.py
    deps:
    - path: data/initial_data.csv
      hash: md5
      md5: f4083bf6f6a83ea96dd5f5e5ada66df9
      size: 822095
    - path: scripts/fit.py
      hash: md5
      md5: 720cb490446277bed02b0fe59e6aa052
      size: 2267
    params:
      params.yaml:
        auto_class_weights: Balanced
        index_col: customer_id
        one_hot_drop: if_binary
        target_col: target
    outs:
    - path: models/fitted_model.pkl
      hash: md5
      md5: 4a5b8c570a7942cea7f846d97d713a3b
      size: 1062335
      cloud:
        my_storage:
          etag: 4a5b8c570a7942cea7f846d97d713a3b
          version_id: 00064DCB383E2132
  evaluate_model:
    cmd: python scripts/evaluate.py
    deps:
    - path: models/fitted_model.pkl
      hash: md5
      md5: 4a5b8c570a7942cea7f846d97d713a3b
      size: 1062335
    - path: scripts/evaluate.py
      hash: md5
      md5: c86b856fdbb4f39ef1eadddcf6de314b
      size: 1429
    params:
      params.yaml:
        index_col: customer_id
        metrics:
        - f1
        - roc_auc
        n_jobs: -1
        n_splits: 5
        target_col: target
    outs:
    - path: cv_results/cv_res.json
      hash: md5
      md5: 8ab45dbabf2195a7ac96a718aaee7a40
      size: 78
      cloud:
        my_storage:
          etag: 8ab45dbabf2195a7ac96a718aaee7a40
          version_id: 00064DCB383BCA43
